
Microsoft Visual Studio Solution File, Format Version 12.00
# Visual Studio Version 16
VisualStudioVersion = 16.0.28803.452
MinimumVisualStudioVersion = 10.0.40219.1
Project("{2150E333-8FDC-42A3-9474-1A3956D46DE8}") = "Web", "Web", "{5C9C5AC6-5FCA-4CB6-A6D7-7624826440C8}"
EndProject
Project("{2150E333-8FDC-42A3-9474-1A3956D46DE8}") = "Core", "Core", "{AD7C5224-C8A8-4B5E-B3FA-613EE7686B0A}"
EndProject
Project("{2150E333-8FDC-42A3-9474-1A3956D46DE8}") = "Tests", "Tests", "{CE24A212-89B4-4D1C-84B5-C13721B97899}"
EndProject
Project("{FAE04EC0-301F-11D3-BF4B-00C04F79EFBC}") = "AgendaTec.Client", "frontend\AgendaTec.Client\AgendaTec.Client.csproj", "{49A8E7F6-F5C6-43E4-9E0C-EFD0BDBE694D}"
EndProject
Project("{FAE04EC0-301F-11D3-BF4B-00C04F79EFBC}") = "AgendaTec.Portal", "frontend\AgendaTec.Portal\AgendaTec.Portal.csproj", "{FE22AFAF-0C07-4E2E-AF7C-069B245D543A}"
EndProject
Project("{FAE04EC0-301F-11D3-BF4B-00C04F79EFBC}") = "AgendaTec.Tests", "backend\AgendaTec.Tests\AgendaTec.Tests.csproj", "{56025AFC-639C-4192-83ED-F72050D6C127}"
EndProject
Project("{FAE04EC0-301F-11D3-BF4B-00C04F79EFBC}") = "AgendaTec.Business", "backend\AgendaTec.Business\AgendaTec.Business.csproj", "{80F1716B-68B6-46FC-8ECF-2875E181C4E7}"
EndProject
Project("{FAE04EC0-301F-11D3-BF4B-00C04F79EFBC}") = "AgendaTec.Infrastructure", "backend\AgendaTec.Infrastructure\AgendaTec.Infrastructure.csproj", "{70425DFA-3C43-4928-909B-B055E90C2FF9}"
EndProject
Project("{2150E333-8FDC-42A3-9474-1A3956D46DE8}") = "Services", "Services", "{77A87263-B25D-48F7-872C-326C22811B85}"
EndProject
Project("{FAE04EC0-301F-11D3-BF4B-00C04F79EFBC}") = "AgendaTec.Service", "backend\AgendaTec.Service\AgendaTec.Service.csproj", "{20E3772A-FE3B-4A88-95FD-7FC954803D1A}"
EndProject
Project("{FAE04EC0-301F-11D3-BF4B-00C04F79EFBC}") = "AgendaTec.Security.DeveloperTools", "backend\AgendaTec.Security.DeveloperTools\AgendaTec.Security.DeveloperTools.csproj", "{67742C2F-E5EA-4327-B184-CD1975495398}"
EndProject
Project("{FAE04EC0-301F-11D3-BF4B-00C04F79EFBC}") = "MVC_Seguranca", "MVC_Seguranca\MVC_Seguranca.csproj", "{A407FD28-5543-4578-B28A-0570E2FEA415}"
EndProject
Global
	GlobalSection(SolutionConfigurationPlatforms) = preSolution
		Debug|Any CPU = Debug|Any CPU
		Release|Any CPU = Release|Any CPU
	EndGlobalSection
	GlobalSection(ProjectConfigurationPlatforms) = postSolution
		{49A8E7F6-F5C6-43E4-9E0C-EFD0BDBE694D}.Debug|Any CPU.ActiveCfg = Debug|Any CPU
		{49A8E7F6-F5C6-43E4-9E0C-EFD0BDBE694D}.Debug|Any CPU.Build.0 = Debug|Any CPU
		{49A8E7F6-F5C6-43E4-9E0C-EFD0BDBE694D}.Release|Any CPU.ActiveCfg = Release|Any CPU
		{49A8E7F6-F5C6-43E4-9E0C-EFD0BDBE694D}.Release|Any CPU.Build.0 = Release|Any CPU
		{FE22AFAF-0C07-4E2E-AF7C-069B245D543A}.Debug|Any CPU.ActiveCfg = Debug|Any CPU
		{FE22AFAF-0C07-4E2E-AF7C-069B245D543A}.Debug|Any CPU.Build.0 = Debug|Any CPU
		{FE22AFAF-0C07-4E2E-AF7C-069B245D543A}.Release|Any CPU.ActiveCfg = Release|Any CPU
		{FE22AFAF-0C07-4E2E-AF7C-069B245D543A}.Release|Any CPU.Build.0 = Release|Any CPU
		{56025AFC-639C-4192-83ED-F72050D6C127}.Debug|Any CPU.ActiveCfg = Debug|Any CPU
		{56025AFC-639C-4192-83ED-F72050D6C127}.Debug|Any CPU.Build.0 = Debug|Any CPU
		{56025AFC-639C-4192-83ED-F72050D6C127}.Release|Any CPU.ActiveCfg = Release|Any CPU
		{56025AFC-639C-4192-83ED-F72050D6C127}.Release|Any CPU.Build.0 = Release|Any CPU
		{80F1716B-68B6-46FC-8ECF-2875E181C4E7}.Debug|Any CPU.ActiveCfg = Debug|Any CPU
		{80F1716B-68B6-46FC-8ECF-2875E181C4E7}.Debug|Any CPU.Build.0 = Debug|Any CPU
		{80F1716B-68B6-46FC-8ECF-2875E181C4E7}.Release|Any CPU.ActiveCfg = Release|Any CPU
		{80F1716B-68B6-46FC-8ECF-2875E181C4E7}.Release|Any CPU.Build.0 = Release|Any CPU
		{70425DFA-3C43-4928-909B-B055E90C2FF9}.Debug|Any CPU.ActiveCfg = Debug|Any CPU
		{70425DFA-3C43-4928-909B-B055E90C2FF9}.Debug|Any CPU.Build.0 = Debug|Any CPU
		{70425DFA-3C43-4928-909B-B055E90C2FF9}.Release|Any CPU.ActiveCfg = Release|Any CPU
		{70425DFA-3C43-4928-909B-B055E90C2FF9}.Release|Any CPU.Build.0 = Release|Any CPU
		{20E3772A-FE3B-4A88-95FD-7FC954803D1A}.Debug|Any CPU.ActiveCfg = Debug|Any CPU
		{20E3772A-FE3B-4A88-95FD-7FC954803D1A}.Debug|Any CPU.Build.0 = Debug|Any CPU
		{20E3772A-FE3B-4A88-95FD-7FC954803D1A}.Release|Any CPU.ActiveCfg = Release|Any CPU
		{20E3772A-FE3B-4A88-95FD-7FC954803D1A}.Release|Any CPU.Build.0 = Release|Any CPU
		{67742C2F-E5EA-4327-B184-CD1975495398}.Debug|Any CPU.ActiveCfg = Debug|Any CPU
		{67742C2F-E5EA-4327-B184-CD1975495398}.Debug|Any CPU.Build.0 = Debug|Any CPU
		{67742C2F-E5EA-4327-B184-CD1975495398}.Release|Any CPU.ActiveCfg = Release|Any CPU
		{67742C2F-E5EA-4327-B184-CD1975495398}.Release|Any CPU.Build.0 = Release|Any CPU
		{A407FD28-5543-4578-B28A-0570E2FEA415}.Debug|Any CPU.ActiveCfg = Debug|Any CPU
		{A407FD28-5543-4578-B28A-0570E2FEA415}.Debug|Any CPU.Build.0 = Debug|Any CPU
		{A407FD28-5543-4578-B28A-0570E2FEA415}.Release|Any CPU.ActiveCfg = Release|Any CPU
		{A407FD28-5543-4578-B28A-0570E2FEA415}.Release|Any CPU.Build.0 = Release|Any CPU
	EndGlobalSection
	GlobalSection(SolutionProperties) = preSolution
		HideSolutionNode = FALSE
	EndGlobalSection
	GlobalSection(NestedProjects) = preSolution
		{49A8E7F6-F5C6-43E4-9E0C-EFD0BDBE694D} = {5C9C5AC6-5FCA-4CB6-A6D7-7624826440C8}
		{FE22AFAF-0C07-4E2E-AF7C-069B245D543A} = {5C9C5AC6-5FCA-4CB6-A6D7-7624826440C8}
		{56025AFC-639C-4192-83ED-F72050D6C127} = {CE24A212-89B4-4D1C-84B5-C13721B97899}
		{80F1716B-68B6-46FC-8ECF-2875E181C4E7} = {AD7C5224-C8A8-4B5E-B3FA-613EE7686B0A}
		{70425DFA-3C43-4928-909B-B055E90C2FF9} = {AD7C5224-C8A8-4B5E-B3FA-613EE7686B0A}
		{20E3772A-FE3B-4A88-95FD-7FC954803D1A} = {77A87263-B25D-48F7-872C-326C22811B85}
		{67742C2F-E5EA-4327-B184-CD1975495398} = {AD7C5224-C8A8-4B5E-B3FA-613EE7686B0A}
		{A407FD28-5543-4578-B28A-0570E2FEA415} = {5C9C5AC6-5FCA-4CB6-A6D7-7624826440C8}
	EndGlobalSection
	GlobalSection(ExtensibilityGlobals) = postSolution
		SolutionGuid = {07980CC7-14F6-4E93-8BA0-1B64551CF529}
	EndGlobalSection
EndGlobal
