
Microsoft Visual Studio Solution File, Format Version 12.00
# Visual Studio 15
VisualStudioVersion = 15.0.28307.489
MinimumVisualStudioVersion = 10.0.40219.1
Project("{2150E333-8FDC-42A3-9474-1A3956D46DE8}") = "ThirdParty", "ThirdParty", "{9411A17E-006E-4F38-95E2-F3BF1898854C}"
EndProject
Project("{2150E333-8FDC-42A3-9474-1A3956D46DE8}") = "BrockAllen", "BrockAllen", "{4FD9672C-5018-46D4-8D0D-B172AE788D70}"
EndProject
Project("{FAE04EC0-301F-11D3-BF4B-00C04F79EFBC}") = "BrockAllen.MembershipReboot", "ThirdParty\BrockAllen.MembershipReboot\BrockAllen.MembershipReboot.csproj", "{A33FE01F-AE9B-4BDE-B521-AB13916B1CFA}"
EndProject
Project("{FAE04EC0-301F-11D3-BF4B-00C04F79EFBC}") = "BrockAllen.MembershipReboot.Ef", "ThirdParty\BrockAllen.MembershipReboot.Ef\BrockAllen.MembershipReboot.Ef.csproj", "{453C8A9D-72AA-4F8D-9354-8B0F57F2B58A}"
EndProject
Project("{FAE04EC0-301F-11D3-BF4B-00C04F79EFBC}") = "BrockAllen.MembershipReboot.WebHost", "ThirdParty\BrockAllen.MembershipReboot.WebHost\BrockAllen.MembershipReboot.WebHost.csproj", "{754AE1B9-11D0-4270-98C7-8DA69B150860}"
EndProject
Project("{2150E333-8FDC-42A3-9474-1A3956D46DE8}") = "Web", "Web", "{5C9C5AC6-5FCA-4CB6-A6D7-7624826440C8}"
EndProject
Project("{FAE04EC0-301F-11D3-BF4B-00C04F79EFBC}") = "AgendaTech.View", "frontend\AgendaTech.View.csproj", "{55B8F84F-014A-43BF-A993-479CD677A781}"
EndProject
Project("{2150E333-8FDC-42A3-9474-1A3956D46DE8}") = "Core", "Core", "{AD7C5224-C8A8-4B5E-B3FA-613EE7686B0A}"
EndProject
Project("{FAE04EC0-301F-11D3-BF4B-00C04F79EFBC}") = "AgendaTech.Infrastructure", "backend\AgendaTech.Infrastructure\AgendaTech.Infrastructure.csproj", "{70425DFA-3C43-4928-909B-B055E90C2FF9}"
EndProject
Project("{FAE04EC0-301F-11D3-BF4B-00C04F79EFBC}") = "AgendaTech.Business", "backend\AgendaTech.Business\AgendaTech.Business.csproj", "{80F1716B-68B6-46FC-8ECF-2875E181C4E7}"
EndProject
Project("{2150E333-8FDC-42A3-9474-1A3956D46DE8}") = "Tests", "Tests", "{CE24A212-89B4-4D1C-84B5-C13721B97899}"
EndProject
Project("{FAE04EC0-301F-11D3-BF4B-00C04F79EFBC}") = "AgendaTech.Tests", "backend\AgendaTech.Tests\AgendaTech.Tests.csproj", "{56025AFC-639C-4192-83ED-F72050D6C127}"
EndProject
Global
	GlobalSection(SolutionConfigurationPlatforms) = preSolution
		Debug|Any CPU = Debug|Any CPU
		Release|Any CPU = Release|Any CPU
	EndGlobalSection
	GlobalSection(ProjectConfigurationPlatforms) = postSolution
		{A33FE01F-AE9B-4BDE-B521-AB13916B1CFA}.Debug|Any CPU.ActiveCfg = Debug|Any CPU
		{A33FE01F-AE9B-4BDE-B521-AB13916B1CFA}.Debug|Any CPU.Build.0 = Debug|Any CPU
		{A33FE01F-AE9B-4BDE-B521-AB13916B1CFA}.Release|Any CPU.ActiveCfg = Release|Any CPU
		{A33FE01F-AE9B-4BDE-B521-AB13916B1CFA}.Release|Any CPU.Build.0 = Release|Any CPU
		{453C8A9D-72AA-4F8D-9354-8B0F57F2B58A}.Debug|Any CPU.ActiveCfg = Debug|Any CPU
		{453C8A9D-72AA-4F8D-9354-8B0F57F2B58A}.Debug|Any CPU.Build.0 = Debug|Any CPU
		{453C8A9D-72AA-4F8D-9354-8B0F57F2B58A}.Release|Any CPU.ActiveCfg = Release|Any CPU
		{453C8A9D-72AA-4F8D-9354-8B0F57F2B58A}.Release|Any CPU.Build.0 = Release|Any CPU
		{754AE1B9-11D0-4270-98C7-8DA69B150860}.Debug|Any CPU.ActiveCfg = Debug|Any CPU
		{754AE1B9-11D0-4270-98C7-8DA69B150860}.Debug|Any CPU.Build.0 = Debug|Any CPU
		{754AE1B9-11D0-4270-98C7-8DA69B150860}.Release|Any CPU.ActiveCfg = Release|Any CPU
		{754AE1B9-11D0-4270-98C7-8DA69B150860}.Release|Any CPU.Build.0 = Release|Any CPU
		{55B8F84F-014A-43BF-A993-479CD677A781}.Debug|Any CPU.ActiveCfg = Debug|Any CPU
		{55B8F84F-014A-43BF-A993-479CD677A781}.Debug|Any CPU.Build.0 = Debug|Any CPU
		{55B8F84F-014A-43BF-A993-479CD677A781}.Release|Any CPU.ActiveCfg = Release|Any CPU
		{55B8F84F-014A-43BF-A993-479CD677A781}.Release|Any CPU.Build.0 = Release|Any CPU
		{70425DFA-3C43-4928-909B-B055E90C2FF9}.Debug|Any CPU.ActiveCfg = Debug|Any CPU
		{70425DFA-3C43-4928-909B-B055E90C2FF9}.Debug|Any CPU.Build.0 = Debug|Any CPU
		{70425DFA-3C43-4928-909B-B055E90C2FF9}.Release|Any CPU.ActiveCfg = Release|Any CPU
		{70425DFA-3C43-4928-909B-B055E90C2FF9}.Release|Any CPU.Build.0 = Release|Any CPU
		{80F1716B-68B6-46FC-8ECF-2875E181C4E7}.Debug|Any CPU.ActiveCfg = Debug|Any CPU
		{80F1716B-68B6-46FC-8ECF-2875E181C4E7}.Debug|Any CPU.Build.0 = Debug|Any CPU
		{80F1716B-68B6-46FC-8ECF-2875E181C4E7}.Release|Any CPU.ActiveCfg = Release|Any CPU
		{80F1716B-68B6-46FC-8ECF-2875E181C4E7}.Release|Any CPU.Build.0 = Release|Any CPU
		{56025AFC-639C-4192-83ED-F72050D6C127}.Debug|Any CPU.ActiveCfg = Debug|Any CPU
		{56025AFC-639C-4192-83ED-F72050D6C127}.Debug|Any CPU.Build.0 = Debug|Any CPU
		{56025AFC-639C-4192-83ED-F72050D6C127}.Release|Any CPU.ActiveCfg = Release|Any CPU
		{56025AFC-639C-4192-83ED-F72050D6C127}.Release|Any CPU.Build.0 = Release|Any CPU
	EndGlobalSection
	GlobalSection(SolutionProperties) = preSolution
		HideSolutionNode = FALSE
	EndGlobalSection
	GlobalSection(NestedProjects) = preSolution
		{4FD9672C-5018-46D4-8D0D-B172AE788D70} = {9411A17E-006E-4F38-95E2-F3BF1898854C}
		{A33FE01F-AE9B-4BDE-B521-AB13916B1CFA} = {4FD9672C-5018-46D4-8D0D-B172AE788D70}
		{453C8A9D-72AA-4F8D-9354-8B0F57F2B58A} = {4FD9672C-5018-46D4-8D0D-B172AE788D70}
		{754AE1B9-11D0-4270-98C7-8DA69B150860} = {4FD9672C-5018-46D4-8D0D-B172AE788D70}
		{55B8F84F-014A-43BF-A993-479CD677A781} = {5C9C5AC6-5FCA-4CB6-A6D7-7624826440C8}
		{70425DFA-3C43-4928-909B-B055E90C2FF9} = {AD7C5224-C8A8-4B5E-B3FA-613EE7686B0A}
		{80F1716B-68B6-46FC-8ECF-2875E181C4E7} = {AD7C5224-C8A8-4B5E-B3FA-613EE7686B0A}
		{56025AFC-639C-4192-83ED-F72050D6C127} = {CE24A212-89B4-4D1C-84B5-C13721B97899}
	EndGlobalSection
	GlobalSection(ExtensibilityGlobals) = postSolution
		SolutionGuid = {07980CC7-14F6-4E93-8BA0-1B64551CF529}
	EndGlobalSection
EndGlobal
